
Microsoft Visual Studio Solution File, Format Version 12.00
# Visual Studio Version 16
VisualStudioVersion = 16.0.30011.22
MinimumVisualStudioVersion = 10.0.40219.1
Project("{FAE04EC0-301F-11D3-BF4B-00C04F79EFBC}") = "EmployeeDirectory.Views", "EmployeeDirectory\EmployeeDirectory.Views.csproj", "{6AA1EB2D-0E73-439A-9E0F-5019E932CBDF}"
EndProject
Project("{FAE04EC0-301F-11D3-BF4B-00C04F79EFBC}") = "EmployeeDirectory.ViewModels", "EmployeeDirectory.ViewModels\EmployeeDirectory.ViewModels.csproj", "{1AAA3D33-1DD8-4D83-BEDF-EEE25EA43C5C}"
EndProject
Project("{FAE04EC0-301F-11D3-BF4B-00C04F79EFBC}") = "EmployeeDirectory.Models", "EmployeeDirectory.Models\EmployeeDirectory.Models.csproj", "{1543A718-70F4-4ECF-B2B0-253C1015F840}"
EndProject
Project("{FAE04EC0-301F-11D3-BF4B-00C04F79EFBC}") = "GenericMVVM", "GenericMVVM\GenericMVVM.csproj", "{4C02E686-C865-4F90-AD45-6753DD63CDD7}"
EndProject
Project("{FAE04EC0-301F-11D3-BF4B-00C04F79EFBC}") = "EmployeeDirectory.Sqlite", "EmployeeDirectory.Sqlite\EmployeeDirectory.Sqlite.csproj", "{62806FE8-C73E-4F97-890F-0CA21B1305F3}"
EndProject
Global
	GlobalSection(SolutionConfigurationPlatforms) = preSolution
		Debug|Any CPU = Debug|Any CPU
		Release|Any CPU = Release|Any CPU
	EndGlobalSection
	GlobalSection(ProjectConfigurationPlatforms) = postSolution
		{6AA1EB2D-0E73-439A-9E0F-5019E932CBDF}.Debug|Any CPU.ActiveCfg = Debug|Any CPU
		{6AA1EB2D-0E73-439A-9E0F-5019E932CBDF}.Debug|Any CPU.Build.0 = Debug|Any CPU
		{6AA1EB2D-0E73-439A-9E0F-5019E932CBDF}.Release|Any CPU.ActiveCfg = Release|Any CPU
		{6AA1EB2D-0E73-439A-9E0F-5019E932CBDF}.Release|Any CPU.Build.0 = Release|Any CPU
		{1AAA3D33-1DD8-4D83-BEDF-EEE25EA43C5C}.Debug|Any CPU.ActiveCfg = Debug|Any CPU
		{1AAA3D33-1DD8-4D83-BEDF-EEE25EA43C5C}.Debug|Any CPU.Build.0 = Debug|Any CPU
		{1AAA3D33-1DD8-4D83-BEDF-EEE25EA43C5C}.Release|Any CPU.ActiveCfg = Release|Any CPU
		{1AAA3D33-1DD8-4D83-BEDF-EEE25EA43C5C}.Release|Any CPU.Build.0 = Release|Any CPU
		{1543A718-70F4-4ECF-B2B0-253C1015F840}.Debug|Any CPU.ActiveCfg = Debug|Any CPU
		{1543A718-70F4-4ECF-B2B0-253C1015F840}.Debug|Any CPU.Build.0 = Debug|Any CPU
		{1543A718-70F4-4ECF-B2B0-253C1015F840}.Release|Any CPU.ActiveCfg = Release|Any CPU
		{1543A718-70F4-4ECF-B2B0-253C1015F840}.Release|Any CPU.Build.0 = Release|Any CPU
		{4C02E686-C865-4F90-AD45-6753DD63CDD7}.Debug|Any CPU.ActiveCfg = Debug|Any CPU
		{4C02E686-C865-4F90-AD45-6753DD63CDD7}.Debug|Any CPU.Build.0 = Debug|Any CPU
		{4C02E686-C865-4F90-AD45-6753DD63CDD7}.Release|Any CPU.ActiveCfg = Release|Any CPU
		{4C02E686-C865-4F90-AD45-6753DD63CDD7}.Release|Any CPU.Build.0 = Release|Any CPU
		{62806FE8-C73E-4F97-890F-0CA21B1305F3}.Debug|Any CPU.ActiveCfg = Debug|Any CPU
		{62806FE8-C73E-4F97-890F-0CA21B1305F3}.Debug|Any CPU.Build.0 = Debug|Any CPU
		{62806FE8-C73E-4F97-890F-0CA21B1305F3}.Release|Any CPU.ActiveCfg = Release|Any CPU
		{62806FE8-C73E-4F97-890F-0CA21B1305F3}.Release|Any CPU.Build.0 = Release|Any CPU
	EndGlobalSection
	GlobalSection(SolutionProperties) = preSolution
		HideSolutionNode = FALSE
	EndGlobalSection
	GlobalSection(ExtensibilityGlobals) = postSolution
		SolutionGuid = {0D1591C6-0518-4643-81D1-5104CA46F626}
	EndGlobalSection
EndGlobal
