
Microsoft Visual Studio Solution File, Format Version 12.00
# Visual Studio Version 16
VisualStudioVersion = 16.0.30011.22
MinimumVisualStudioVersion = 10.0.40219.1
Project("{FAE04EC0-301F-11D3-BF4B-00C04F79EFBC}") = "EmployeeDirectory", "EmployeeDirectory\EmployeeDirectory.csproj", "{6AA1EB2D-0E73-439A-9E0F-5019E932CBDF}"
EndProject
Global
	GlobalSection(SolutionConfigurationPlatforms) = preSolution
		Debug|Any CPU = Debug|Any CPU
		Release|Any CPU = Release|Any CPU
	EndGlobalSection
	GlobalSection(ProjectConfigurationPlatforms) = postSolution
		{6AA1EB2D-0E73-439A-9E0F-5019E932CBDF}.Debug|Any CPU.ActiveCfg = Debug|Any CPU
		{6AA1EB2D-0E73-439A-9E0F-5019E932CBDF}.Debug|Any CPU.Build.0 = Debug|Any CPU
		{6AA1EB2D-0E73-439A-9E0F-5019E932CBDF}.Release|Any CPU.ActiveCfg = Release|Any CPU
		{6AA1EB2D-0E73-439A-9E0F-5019E932CBDF}.Release|Any CPU.Build.0 = Release|Any CPU
	EndGlobalSection
	GlobalSection(SolutionProperties) = preSolution
		HideSolutionNode = FALSE
	EndGlobalSection
	GlobalSection(ExtensibilityGlobals) = postSolution
		SolutionGuid = {0D1591C6-0518-4643-81D1-5104CA46F626}
	EndGlobalSection
EndGlobal
